
Microsoft Visual Studio Solution File, Format Version 12.00
# Visual Studio Version 17
VisualStudioVersion = 17.10.34928.147
MinimumVisualStudioVersion = 10.0.40219.1
Project("{FAE04EC0-301F-11D3-BF4B-00C04F79EFBC}") = "ChasesDrPepperStore.UI.MVC", "ChasesDrPepperStore.UI.MVC\ChasesDrPepperStore.UI.MVC.csproj", "{C5F7D766-19E0-4A5F-A9CE-E9C6B93D1590}"
EndProject
Project("{FAE04EC0-301F-11D3-BF4B-00C04F79EFBC}") = "ChasesDrPepperStore.DATA.EF", "ChasesDrPepperStore.DATA.EF\ChasesDrPepperStore.DATA.EF.csproj", "{7AD49A6C-2496-48DC-B04A-BBC5BC8CC9DC}"
EndProject
Global
	GlobalSection(SolutionConfigurationPlatforms) = preSolution
		Debug|Any CPU = Debug|Any CPU
		Release|Any CPU = Release|Any CPU
	EndGlobalSection
	GlobalSection(ProjectConfigurationPlatforms) = postSolution
		{C5F7D766-19E0-4A5F-A9CE-E9C6B93D1590}.Debug|Any CPU.ActiveCfg = Debug|Any CPU
		{C5F7D766-19E0-4A5F-A9CE-E9C6B93D1590}.Debug|Any CPU.Build.0 = Debug|Any CPU
		{C5F7D766-19E0-4A5F-A9CE-E9C6B93D1590}.Release|Any CPU.ActiveCfg = Release|Any CPU
		{C5F7D766-19E0-4A5F-A9CE-E9C6B93D1590}.Release|Any CPU.Build.0 = Release|Any CPU
		{7AD49A6C-2496-48DC-B04A-BBC5BC8CC9DC}.Debug|Any CPU.ActiveCfg = Debug|Any CPU
		{7AD49A6C-2496-48DC-B04A-BBC5BC8CC9DC}.Debug|Any CPU.Build.0 = Debug|Any CPU
		{7AD49A6C-2496-48DC-B04A-BBC5BC8CC9DC}.Release|Any CPU.ActiveCfg = Release|Any CPU
		{7AD49A6C-2496-48DC-B04A-BBC5BC8CC9DC}.Release|Any CPU.Build.0 = Release|Any CPU
	EndGlobalSection
	GlobalSection(SolutionProperties) = preSolution
		HideSolutionNode = FALSE
	EndGlobalSection
	GlobalSection(ExtensibilityGlobals) = postSolution
		SolutionGuid = {A64F0308-77B3-4A76-8FB6-F56A89391BEB}
	EndGlobalSection
EndGlobal
